
Microsoft Visual Studio Solution File, Format Version 12.00
# Visual Studio Version 16
VisualStudioVersion = 16.0.29306.81
MinimumVisualStudioVersion = 10.0.40219.1
Project("{FAE04EC0-301F-11D3-BF4B-00C04F79EFBC}") = "Tutorial.WebAPI.JWT.NickChapsas", "Tutorial.WebAPI.JWT.NickChapsas\Tutorial.WebAPI.JWT.NickChapsas.csproj", "{6FA38891-3B06-4816-B66A-7C06B3A72DEB}"
EndProject
Global
	GlobalSection(SolutionConfigurationPlatforms) = preSolution
		Debug|Any CPU = Debug|Any CPU
		Release|Any CPU = Release|Any CPU
	EndGlobalSection
	GlobalSection(ProjectConfigurationPlatforms) = postSolution
		{6FA38891-3B06-4816-B66A-7C06B3A72DEB}.Debug|Any CPU.ActiveCfg = Debug|Any CPU
		{6FA38891-3B06-4816-B66A-7C06B3A72DEB}.Debug|Any CPU.Build.0 = Debug|Any CPU
		{6FA38891-3B06-4816-B66A-7C06B3A72DEB}.Release|Any CPU.ActiveCfg = Release|Any CPU
		{6FA38891-3B06-4816-B66A-7C06B3A72DEB}.Release|Any CPU.Build.0 = Release|Any CPU
	EndGlobalSection
	GlobalSection(SolutionProperties) = preSolution
		HideSolutionNode = FALSE
	EndGlobalSection
	GlobalSection(ExtensibilityGlobals) = postSolution
		SolutionGuid = {BF90D014-E003-499E-A2D8-6B7FFAADA199}
	EndGlobalSection
EndGlobal
